
Microsoft Visual Studio Solution File, Format Version 12.00
# Visual Studio 15
VisualStudioVersion = 15.0.28307.271
MinimumVisualStudioVersion = 10.0.40219.1
Project("{FAE04EC0-301F-11D3-BF4B-00C04F79EFBC}") = "AnimalWCF", "AnimalWCF\AnimalWCF.csproj", "{60694E97-1EDB-4028-B498-58DF32E494E3}"
EndProject
Project("{2150E333-8FDC-42A3-9474-1A3956D46DE8}") = "WebHosts", "WebHosts", "{D0EA922F-21EC-49C3-8FD1-C650A5B74363}"
EndProject
Project("{2150E333-8FDC-42A3-9474-1A3956D46DE8}") = "ServiceContracts", "ServiceContracts", "{51713002-BEE0-4AB6-A4C9-7AF73AC097F6}"
EndProject
Project("{2150E333-8FDC-42A3-9474-1A3956D46DE8}") = "Animal", "Animal", "{CB25BCCA-94B7-47F9-A9BF-79CBC5830870}"
EndProject
Project("{2150E333-8FDC-42A3-9474-1A3956D46DE8}") = "ResourceAccess", "ResourceAccess", "{52C83C67-147D-409F-9834-AC5F1D7F1C21}"
EndProject
Project("{2150E333-8FDC-42A3-9474-1A3956D46DE8}") = "Animal", "Animal", "{FAF1DBA9-0E9B-41DE-A9CB-D367ED93FED9}"
EndProject
Project("{2150E333-8FDC-42A3-9474-1A3956D46DE8}") = "Proxies", "Proxies", "{5DCEC7FA-9DAA-4BB3-9DF5-7AA8CEA57DA9}"
EndProject
Project("{2150E333-8FDC-42A3-9474-1A3956D46DE8}") = "Animal", "Animal", "{B464A8AF-A8E1-4CAC-A41B-9E345D43C965}"
EndProject
Project("{2150E333-8FDC-42A3-9474-1A3956D46DE8}") = "Engines", "Engines", "{2D3067EF-60AE-4166-9F12-BA3335C7E25F}"
EndProject
Project("{2150E333-8FDC-42A3-9474-1A3956D46DE8}") = "Animal", "Animal", "{0E727F11-FFBE-4FD4-8FB3-122797C07E63}"
EndProject
Project("{2150E333-8FDC-42A3-9474-1A3956D46DE8}") = "DataContracts", "DataContracts", "{A61A7D0B-E262-4A59-8337-39D0C0ACAD99}"
EndProject
Project("{FAE04EC0-301F-11D3-BF4B-00C04F79EFBC}") = "AnimalDataContracts", "AnimalDataContracts\AnimalDataContracts.csproj", "{C51F49AA-EF0F-4833-B58D-D05618E8E623}"
EndProject
Project("{FAE04EC0-301F-11D3-BF4B-00C04F79EFBC}") = "Animal.Engine.Service", "Animal.Engine.Service\Animal.Engine.Service.csproj", "{CF8ADBD5-CE76-4FFE-B4D7-C9D3DCAA4A88}"
EndProject
Project("{FAE04EC0-301F-11D3-BF4B-00C04F79EFBC}") = "Animal.Engine.Proxy", "Animal.Engine.Proxy\Animal.Engine.Proxy.csproj", "{F48685F3-1CC6-44C1-8F7E-F4478A58F2BD}"
EndProject
Project("{FAE04EC0-301F-11D3-BF4B-00C04F79EFBC}") = "Animal.Resource.Proxy", "Animal.Proxy\Animal.Resource.Proxy.csproj", "{985CD1BD-F205-4EA3-9E6A-3D32790552DE}"
EndProject
Project("{FAE04EC0-301F-11D3-BF4B-00C04F79EFBC}") = "Animal.ResourceAccess", "Animal.ResourceAccess\Animal.ResourceAccess.csproj", "{8BF56B7E-7A0D-448E-97C6-CEBED750CD7D}"
EndProject
Project("{FAE04EC0-301F-11D3-BF4B-00C04F79EFBC}") = "Animal.ResourceAccess.Service", "Animal.ResourceAccess.Service\Animal.ResourceAccess.Service.csproj", "{286BC707-519D-4A77-9947-7766ED1F7143}"
EndProject
Project("{FAE04EC0-301F-11D3-BF4B-00C04F79EFBC}") = "Animal.ServiceContracts", "Animal.ServiceContracts\Animal.ServiceContracts.csproj", "{8F12CB20-7285-4C62-826E-7B44D024D6BD}"
EndProject
Project("{2150E333-8FDC-42A3-9474-1A3956D46DE8}") = "ServiceTests", "ServiceTests", "{C432C8C1-0931-4552-87B4-68F312A218E5}"
EndProject
Project("{FAE04EC0-301F-11D3-BF4B-00C04F79EFBC}") = "AnimalWCFUnitTests", "AnimalWCFUnitTests\AnimalWCFUnitTests.csproj", "{1816D4E4-7928-4F23-9F7E-EB3BF362D584}"
EndProject
Project("{2150E333-8FDC-42A3-9474-1A3956D46DE8}") = "ClientSideConsole", "ClientSideConsole", "{D4B919F2-88BC-4496-B080-5E2E0FD1E75B}"
EndProject
Project("{FAE04EC0-301F-11D3-BF4B-00C04F79EFBC}") = "AnimalSoundApp", "AnimalSoundApp\AnimalSoundApp.csproj", "{903E9908-825A-4C27-8DEA-66F39197C346}"
EndProject
Global
	GlobalSection(SolutionConfigurationPlatforms) = preSolution
		Debug|Any CPU = Debug|Any CPU
		Release|Any CPU = Release|Any CPU
	EndGlobalSection
	GlobalSection(ProjectConfigurationPlatforms) = postSolution
		{60694E97-1EDB-4028-B498-58DF32E494E3}.Debug|Any CPU.ActiveCfg = Debug|Any CPU
		{60694E97-1EDB-4028-B498-58DF32E494E3}.Debug|Any CPU.Build.0 = Debug|Any CPU
		{60694E97-1EDB-4028-B498-58DF32E494E3}.Release|Any CPU.ActiveCfg = Release|Any CPU
		{60694E97-1EDB-4028-B498-58DF32E494E3}.Release|Any CPU.Build.0 = Release|Any CPU
		{C51F49AA-EF0F-4833-B58D-D05618E8E623}.Debug|Any CPU.ActiveCfg = Debug|Any CPU
		{C51F49AA-EF0F-4833-B58D-D05618E8E623}.Debug|Any CPU.Build.0 = Debug|Any CPU
		{C51F49AA-EF0F-4833-B58D-D05618E8E623}.Release|Any CPU.ActiveCfg = Release|Any CPU
		{C51F49AA-EF0F-4833-B58D-D05618E8E623}.Release|Any CPU.Build.0 = Release|Any CPU
		{CF8ADBD5-CE76-4FFE-B4D7-C9D3DCAA4A88}.Debug|Any CPU.ActiveCfg = Debug|Any CPU
		{CF8ADBD5-CE76-4FFE-B4D7-C9D3DCAA4A88}.Debug|Any CPU.Build.0 = Debug|Any CPU
		{CF8ADBD5-CE76-4FFE-B4D7-C9D3DCAA4A88}.Release|Any CPU.ActiveCfg = Release|Any CPU
		{CF8ADBD5-CE76-4FFE-B4D7-C9D3DCAA4A88}.Release|Any CPU.Build.0 = Release|Any CPU
		{F48685F3-1CC6-44C1-8F7E-F4478A58F2BD}.Debug|Any CPU.ActiveCfg = Debug|Any CPU
		{F48685F3-1CC6-44C1-8F7E-F4478A58F2BD}.Debug|Any CPU.Build.0 = Debug|Any CPU
		{F48685F3-1CC6-44C1-8F7E-F4478A58F2BD}.Release|Any CPU.ActiveCfg = Release|Any CPU
		{F48685F3-1CC6-44C1-8F7E-F4478A58F2BD}.Release|Any CPU.Build.0 = Release|Any CPU
		{985CD1BD-F205-4EA3-9E6A-3D32790552DE}.Debug|Any CPU.ActiveCfg = Debug|Any CPU
		{985CD1BD-F205-4EA3-9E6A-3D32790552DE}.Debug|Any CPU.Build.0 = Debug|Any CPU
		{985CD1BD-F205-4EA3-9E6A-3D32790552DE}.Release|Any CPU.ActiveCfg = Release|Any CPU
		{985CD1BD-F205-4EA3-9E6A-3D32790552DE}.Release|Any CPU.Build.0 = Release|Any CPU
		{8BF56B7E-7A0D-448E-97C6-CEBED750CD7D}.Debug|Any CPU.ActiveCfg = Debug|Any CPU
		{8BF56B7E-7A0D-448E-97C6-CEBED750CD7D}.Debug|Any CPU.Build.0 = Debug|Any CPU
		{8BF56B7E-7A0D-448E-97C6-CEBED750CD7D}.Release|Any CPU.ActiveCfg = Release|Any CPU
		{8BF56B7E-7A0D-448E-97C6-CEBED750CD7D}.Release|Any CPU.Build.0 = Release|Any CPU
		{286BC707-519D-4A77-9947-7766ED1F7143}.Debug|Any CPU.ActiveCfg = Debug|Any CPU
		{286BC707-519D-4A77-9947-7766ED1F7143}.Debug|Any CPU.Build.0 = Debug|Any CPU
		{286BC707-519D-4A77-9947-7766ED1F7143}.Release|Any CPU.ActiveCfg = Release|Any CPU
		{286BC707-519D-4A77-9947-7766ED1F7143}.Release|Any CPU.Build.0 = Release|Any CPU
		{8F12CB20-7285-4C62-826E-7B44D024D6BD}.Debug|Any CPU.ActiveCfg = Debug|Any CPU
		{8F12CB20-7285-4C62-826E-7B44D024D6BD}.Debug|Any CPU.Build.0 = Debug|Any CPU
		{8F12CB20-7285-4C62-826E-7B44D024D6BD}.Release|Any CPU.ActiveCfg = Release|Any CPU
		{8F12CB20-7285-4C62-826E-7B44D024D6BD}.Release|Any CPU.Build.0 = Release|Any CPU
		{1816D4E4-7928-4F23-9F7E-EB3BF362D584}.Debug|Any CPU.ActiveCfg = Debug|Any CPU
		{1816D4E4-7928-4F23-9F7E-EB3BF362D584}.Debug|Any CPU.Build.0 = Debug|Any CPU
		{1816D4E4-7928-4F23-9F7E-EB3BF362D584}.Release|Any CPU.ActiveCfg = Release|Any CPU
		{1816D4E4-7928-4F23-9F7E-EB3BF362D584}.Release|Any CPU.Build.0 = Release|Any CPU
		{903E9908-825A-4C27-8DEA-66F39197C346}.Debug|Any CPU.ActiveCfg = Debug|Any CPU
		{903E9908-825A-4C27-8DEA-66F39197C346}.Debug|Any CPU.Build.0 = Debug|Any CPU
		{903E9908-825A-4C27-8DEA-66F39197C346}.Release|Any CPU.ActiveCfg = Release|Any CPU
		{903E9908-825A-4C27-8DEA-66F39197C346}.Release|Any CPU.Build.0 = Release|Any CPU
	EndGlobalSection
	GlobalSection(SolutionProperties) = preSolution
		HideSolutionNode = FALSE
	EndGlobalSection
	GlobalSection(NestedProjects) = preSolution
		{60694E97-1EDB-4028-B498-58DF32E494E3} = {D0EA922F-21EC-49C3-8FD1-C650A5B74363}
		{CB25BCCA-94B7-47F9-A9BF-79CBC5830870} = {51713002-BEE0-4AB6-A4C9-7AF73AC097F6}
		{FAF1DBA9-0E9B-41DE-A9CB-D367ED93FED9} = {52C83C67-147D-409F-9834-AC5F1D7F1C21}
		{B464A8AF-A8E1-4CAC-A41B-9E345D43C965} = {5DCEC7FA-9DAA-4BB3-9DF5-7AA8CEA57DA9}
		{0E727F11-FFBE-4FD4-8FB3-122797C07E63} = {2D3067EF-60AE-4166-9F12-BA3335C7E25F}
		{C51F49AA-EF0F-4833-B58D-D05618E8E623} = {A61A7D0B-E262-4A59-8337-39D0C0ACAD99}
		{CF8ADBD5-CE76-4FFE-B4D7-C9D3DCAA4A88} = {0E727F11-FFBE-4FD4-8FB3-122797C07E63}
		{F48685F3-1CC6-44C1-8F7E-F4478A58F2BD} = {B464A8AF-A8E1-4CAC-A41B-9E345D43C965}
		{985CD1BD-F205-4EA3-9E6A-3D32790552DE} = {B464A8AF-A8E1-4CAC-A41B-9E345D43C965}
		{8BF56B7E-7A0D-448E-97C6-CEBED750CD7D} = {FAF1DBA9-0E9B-41DE-A9CB-D367ED93FED9}
		{286BC707-519D-4A77-9947-7766ED1F7143} = {FAF1DBA9-0E9B-41DE-A9CB-D367ED93FED9}
		{8F12CB20-7285-4C62-826E-7B44D024D6BD} = {CB25BCCA-94B7-47F9-A9BF-79CBC5830870}
		{1816D4E4-7928-4F23-9F7E-EB3BF362D584} = {C432C8C1-0931-4552-87B4-68F312A218E5}
		{903E9908-825A-4C27-8DEA-66F39197C346} = {D4B919F2-88BC-4496-B080-5E2E0FD1E75B}
	EndGlobalSection
	GlobalSection(ExtensibilityGlobals) = postSolution
		SolutionGuid = {6CCFDDEE-B796-454C-9547-11E8A410A7F4}
	EndGlobalSection
EndGlobal
